{
  "nodes": {
    "nixpkgs": {
      "locked": {
        "lastModified": 1775732571,
        "narHash": "sha256-cd6wKenSQ6G6jikqxFLvyel47TkY30uOSvOBV9gYDX0=",
        "owner": "NixOS",
        "repo": "nixpkgs",
        "rev": "02f3fa0374fa13707d42d55d58ecc76b091f223c",
        "type": "github"
      },
      "original": {
        "owner": "NixOS",
        "ref": "nixpkgs-unstable",
        "repo": "nixpkgs",
        "type": "github"
      }
    },
    "root": {
      "inputs": {
        "nixpkgs": "nixpkgs"
      }
    }
  },
  "root": "root",
  "version": 7
}
