{
  "nodes": {
    "nixpkgs": {
      "locked": {
        "lastModified": 1754640348,
        "narHash": "sha256-dSSzu/afJLQIr10WRJuKucZ387YvRXmz1iABwD6SB7E=",
        "owner": "NixOS",
        "repo": "nixpkgs",
        "rev": "a3f3e3f2c983e957af6b07a1db98bafd1f87b7a1",
        "type": "github"
      },
      "original": {
        "owner": "NixOS",
        "ref": "nixpkgs-unstable",
        "repo": "nixpkgs",
        "type": "github"
      }
    },
    "root": {
      "inputs": {
        "nixpkgs": "nixpkgs"
      }
    }
  },
  "root": "root",
  "version": 7
}
