{
  "nodes": {
    "nixpkgs": {
      "locked": {
        "lastModified": 1719658525,
        "narHash": "sha256-Yp4Bmp54HxppB2CqIWPk/QgG2hvg8mE8e1Lt3EH1SuA=",
        "owner": "NixOS",
        "repo": "nixpkgs",
        "rev": "53a702e155d4d87cb908524ddb52db36aed98d03",
        "type": "github"
      },
      "original": {
        "owner": "NixOS",
        "ref": "nixpkgs-unstable",
        "repo": "nixpkgs",
        "type": "github"
      }
    },
    "root": {
      "inputs": {
        "nixpkgs": "nixpkgs"
      }
    }
  },
  "root": "root",
  "version": 7
}
